
Microsoft Visual Studio Solution File, Format Version 12.00
# Visual Studio Version 17
VisualStudioVersion = 17.2.32630.192
MinimumVisualStudioVersion = 10.0.40219.1
Project("{9A19103F-16F7-4668-BE54-9A1E7A4F7556}") = "Blog", "Blog.csproj", "{38A6C71D-8B3A-4538-AC9C-6D6BE86E422C}"
EndProject
Global
	GlobalSection(SolutionConfigurationPlatforms) = preSolution
		Debug|Any CPU = Debug|Any CPU
		Release|Any CPU = Release|Any CPU
	EndGlobalSection
	GlobalSection(ProjectConfigurationPlatforms) = postSolution
		{38A6C71D-8B3A-4538-AC9C-6D6BE86E422C}.Debug|Any CPU.ActiveCfg = Debug|Any CPU
		{38A6C71D-8B3A-4538-AC9C-6D6BE86E422C}.Debug|Any CPU.Build.0 = Debug|Any CPU
		{38A6C71D-8B3A-4538-AC9C-6D6BE86E422C}.Release|Any CPU.ActiveCfg = Release|Any CPU
		{38A6C71D-8B3A-4538-AC9C-6D6BE86E422C}.Release|Any CPU.Build.0 = Release|Any CPU
	EndGlobalSection
	GlobalSection(SolutionProperties) = preSolution
		HideSolutionNode = FALSE
	EndGlobalSection
	GlobalSection(ExtensibilityGlobals) = postSolution
		SolutionGuid = {CA617B8C-A73E-442A-AD35-4D552502586F}
	EndGlobalSection
EndGlobal
